
Microsoft Visual Studio Solution File, Format Version 12.00
# Visual Studio 15
VisualStudioVersion = 15.0.28010.2003
MinimumVisualStudioVersion = 10.0.40219.1
Project("{FAE04EC0-301F-11D3-BF4B-00C04F79EFBC}") = "ServerApp", "ServerApp\ServerApp.csproj", "{F62C0CB6-80EB-42A7-8009-DBE042D8C2B5}"
EndProject
Project("{FAE04EC0-301F-11D3-BF4B-00C04F79EFBC}") = "ClientApp", "ClientApp\ClientApp.csproj", "{C06C3333-E36D-4B25-846C-E29C44D8F669}"
EndProject
Global
	GlobalSection(SolutionConfigurationPlatforms) = preSolution
		Debug|Any CPU = Debug|Any CPU
		Release|Any CPU = Release|Any CPU
	EndGlobalSection
	GlobalSection(ProjectConfigurationPlatforms) = postSolution
		{F62C0CB6-80EB-42A7-8009-DBE042D8C2B5}.Debug|Any CPU.ActiveCfg = Debug|Any CPU
		{F62C0CB6-80EB-42A7-8009-DBE042D8C2B5}.Debug|Any CPU.Build.0 = Debug|Any CPU
		{F62C0CB6-80EB-42A7-8009-DBE042D8C2B5}.Release|Any CPU.ActiveCfg = Release|Any CPU
		{F62C0CB6-80EB-42A7-8009-DBE042D8C2B5}.Release|Any CPU.Build.0 = Release|Any CPU
		{C06C3333-E36D-4B25-846C-E29C44D8F669}.Debug|Any CPU.ActiveCfg = Debug|Any CPU
		{C06C3333-E36D-4B25-846C-E29C44D8F669}.Debug|Any CPU.Build.0 = Debug|Any CPU
		{C06C3333-E36D-4B25-846C-E29C44D8F669}.Release|Any CPU.ActiveCfg = Release|Any CPU
		{C06C3333-E36D-4B25-846C-E29C44D8F669}.Release|Any CPU.Build.0 = Release|Any CPU
	EndGlobalSection
	GlobalSection(SolutionProperties) = preSolution
		HideSolutionNode = FALSE
	EndGlobalSection
	GlobalSection(ExtensibilityGlobals) = postSolution
		SolutionGuid = {94052B6E-9DEB-4B98-BD78-3CD064925399}
	EndGlobalSection
EndGlobal
